
Microsoft Visual Studio Solution File, Format Version 12.00
# Visual Studio Version 17
VisualStudioVersion = 17.5.002.0
MinimumVisualStudioVersion = 10.0.40219.1
Project("{2150E333-8FDC-42A3-9474-1A3956D46DE8}") = "CSharpProjects", "CSharpProjects", "{AC91F680-5BE1-4E23-8651-B10A6DA1B7C7}"
EndProject
Project("{9A19103F-16F7-4668-BE54-9A1E7A4F7556}") = "ifElse", "CSharpProjects\ifElse\ifElse.csproj", "{D69404D0-2135-4631-B92E-4531FBC86DB8}"
EndProject
Global
	GlobalSection(SolutionConfigurationPlatforms) = preSolution
		Debug|Any CPU = Debug|Any CPU
		Release|Any CPU = Release|Any CPU
	EndGlobalSection
	GlobalSection(ProjectConfigurationPlatforms) = postSolution
		{D69404D0-2135-4631-B92E-4531FBC86DB8}.Debug|Any CPU.ActiveCfg = Debug|Any CPU
		{D69404D0-2135-4631-B92E-4531FBC86DB8}.Debug|Any CPU.Build.0 = Debug|Any CPU
		{D69404D0-2135-4631-B92E-4531FBC86DB8}.Release|Any CPU.ActiveCfg = Release|Any CPU
		{D69404D0-2135-4631-B92E-4531FBC86DB8}.Release|Any CPU.Build.0 = Release|Any CPU
	EndGlobalSection
	GlobalSection(SolutionProperties) = preSolution
		HideSolutionNode = FALSE
	EndGlobalSection
	GlobalSection(NestedProjects) = preSolution
		{D69404D0-2135-4631-B92E-4531FBC86DB8} = {AC91F680-5BE1-4E23-8651-B10A6DA1B7C7}
	EndGlobalSection
	GlobalSection(ExtensibilityGlobals) = postSolution
		SolutionGuid = {026D0F43-6BEB-4DCF-8140-36BA140832B8}
	EndGlobalSection
EndGlobal
